
Microsoft Visual Studio Solution File, Format Version 12.00
# Visual Studio Version 16
VisualStudioVersion = 16.0.29318.209
MinimumVisualStudioVersion = 10.0.40219.1
Project("{FAE04EC0-301F-11D3-BF4B-00C04F79EFBC}") = "DoAnDBMS", "DoAnDBMS\DoAnDBMS.csproj", "{CBC0EAB3-0D91-4A16-AEBB-A92AB8486B7C}"
EndProject
Global
	GlobalSection(SolutionConfigurationPlatforms) = preSolution
		Debug|Any CPU = Debug|Any CPU
		Release|Any CPU = Release|Any CPU
	EndGlobalSection
	GlobalSection(ProjectConfigurationPlatforms) = postSolution
		{CBC0EAB3-0D91-4A16-AEBB-A92AB8486B7C}.Debug|Any CPU.ActiveCfg = Debug|Any CPU
		{CBC0EAB3-0D91-4A16-AEBB-A92AB8486B7C}.Debug|Any CPU.Build.0 = Debug|Any CPU
		{CBC0EAB3-0D91-4A16-AEBB-A92AB8486B7C}.Release|Any CPU.ActiveCfg = Release|Any CPU
		{CBC0EAB3-0D91-4A16-AEBB-A92AB8486B7C}.Release|Any CPU.Build.0 = Release|Any CPU
	EndGlobalSection
	GlobalSection(SolutionProperties) = preSolution
		HideSolutionNode = FALSE
	EndGlobalSection
	GlobalSection(ExtensibilityGlobals) = postSolution
		SolutionGuid = {4FEEB5E3-759C-4B5A-B9D6-628DD3E16273}
	EndGlobalSection
EndGlobal
